{
	"name": "coulda-woulda-buddha",
	"version": "1.0.0",
	"lockfileVersion": 3,
	"requires": true,
	"packages": {
		"": {
			"name": "coulda-woulda-buddha",
			"version": "1.0.0",
			"dependencies": {
				"pixi.js": "^7.4.0",
				"tweedle.js": "^2.0.1"
			},
			"devDependencies": {
				"typescript": "^5.3.3",
				"vite": "^4.1.0"
			}
		},
		"node_modules/@esbuild/android-arm": {
			"version": "0.16.17",
			"resolved": "https://registry.npmjs.org/@esbuild/android-arm/-/android-arm-0.16.17.tgz",
			"integrity": "sha512-N9x1CMXVhtWEAMS7pNNONyA14f71VPQN9Cnavj1XQh6T7bskqiLLrSca4O0Vr8Wdcga943eThxnVp3JLnBMYtw==",
			"cpu": [
				"arm"
			],
			"dev": true,
			"optional": true,
			"os": [
				"android"
			],
			"engines": {
				"node": ">=12"
			}
		},
		"node_modules/@esbuild/android-arm64": {
			"version": "0.16.17",
			"resolved": "https://registry.npmjs.org/@esbuild/android-arm64/-/android-arm64-0.16.17.tgz",
			"integrity": "sha512-MIGl6p5sc3RDTLLkYL1MyL8BMRN4tLMRCn+yRJJmEDvYZ2M7tmAf80hx1kbNEUX2KJ50RRtxZ4JHLvCfuB6kBg==",
			"cpu": [
				"arm64"
			],
			"dev": true,
			"optional": true,
			"os": [
				"android"
			],
			"engines": {
				"node": ">=12"
			}
		},
		"node_modules/@esbuild/android-x64": {
			"version": "0.16.17",
			"resolved": "https://registry.npmjs.org/@esbuild/android-x64/-/android-x64-0.16.17.tgz",
			"integrity": "sha512-a3kTv3m0Ghh4z1DaFEuEDfz3OLONKuFvI4Xqczqx4BqLyuFaFkuaG4j2MtA6fuWEFeC5x9IvqnX7drmRq/fyAQ==",
			"cpu": [
				"x64"
			],
			"dev": true,
			"optional": true,
			"os": [
				"android"
			],
			"engines": {
				"node": ">=12"
			}
		},
		"node_modules/@esbuild/darwin-arm64": {
			"version": "0.16.17",
			"resolved": "https://registry.npmjs.org/@esbuild/darwin-arm64/-/darwin-arm64-0.16.17.tgz",
			"integrity": "sha512-/2agbUEfmxWHi9ARTX6OQ/KgXnOWfsNlTeLcoV7HSuSTv63E4DqtAc+2XqGw1KHxKMHGZgbVCZge7HXWX9Vn+w==",
			"cpu": [
				"arm64"
			],
			"dev": true,
			"optional": true,
			"os": [
				"darwin"
			],
			"engines": {
				"node": ">=12"
			}
		},
		"node_modules/@esbuild/darwin-x64": {
			"version": "0.16.17",
			"resolved": "https://registry.npmjs.org/@esbuild/darwin-x64/-/darwin-x64-0.16.17.tgz",
			"integrity": "sha512-2By45OBHulkd9Svy5IOCZt376Aa2oOkiE9QWUK9fe6Tb+WDr8hXL3dpqi+DeLiMed8tVXspzsTAvd0jUl96wmg==",
			"cpu": [
				"x64"
			],
			"dev": true,
			"optional": true,
			"os": [
				"darwin"
			],
			"engines": {
				"node": ">=12"
			}
		},
		"node_modules/@esbuild/freebsd-arm64": {
			"version": "0.16.17",
			"resolved": "https://registry.npmjs.org/@esbuild/freebsd-arm64/-/freebsd-arm64-0.16.17.tgz",
			"integrity": "sha512-mt+cxZe1tVx489VTb4mBAOo2aKSnJ33L9fr25JXpqQqzbUIw/yzIzi+NHwAXK2qYV1lEFp4OoVeThGjUbmWmdw==",
			"cpu": [
				"arm64"
			],
			"dev": true,
			"optional": true,
			"os": [
				"freebsd"
			],
			"engines": {
				"node": ">=12"
			}
		},
		"node_modules/@esbuild/freebsd-x64": {
			"version": "0.16.17",
			"resolved": "https://registry.npmjs.org/@esbuild/freebsd-x64/-/freebsd-x64-0.16.17.tgz",
			"integrity": "sha512-8ScTdNJl5idAKjH8zGAsN7RuWcyHG3BAvMNpKOBaqqR7EbUhhVHOqXRdL7oZvz8WNHL2pr5+eIT5c65kA6NHug==",
			"cpu": [
				"x64"
			],
			"dev": true,
			"optional": true,
			"os": [
				"freebsd"
			],
			"engines": {
				"node": ">=12"
			}
		},
		"node_modules/@esbuild/linux-arm": {
			"version": "0.16.17",
			"resolved": "https://registry.npmjs.org/@esbuild/linux-arm/-/linux-arm-0.16.17.tgz",
			"integrity": "sha512-iihzrWbD4gIT7j3caMzKb/RsFFHCwqqbrbH9SqUSRrdXkXaygSZCZg1FybsZz57Ju7N/SHEgPyaR0LZ8Zbe9gQ==",
			"cpu": [
				"arm"
			],
			"dev": true,
			"optional": true,
			"os": [
				"linux"
			],
			"engines": {
				"node": ">=12"
			}
		},
		"node_modules/@esbuild/linux-arm64": {
			"version": "0.16.17",
			"resolved": "https://registry.npmjs.org/@esbuild/linux-arm64/-/linux-arm64-0.16.17.tgz",
			"integrity": "sha512-7S8gJnSlqKGVJunnMCrXHU9Q8Q/tQIxk/xL8BqAP64wchPCTzuM6W3Ra8cIa1HIflAvDnNOt2jaL17vaW+1V0g==",
			"cpu": [
				"arm64"
			],
			"dev": true,
			"optional": true,
			"os": [
				"linux"
			],
			"engines": {
				"node": ">=12"
			}
		},
		"node_modules/@esbuild/linux-ia32": {
			"version": "0.16.17",
			"resolved": "https://registry.npmjs.org/@esbuild/linux-ia32/-/linux-ia32-0.16.17.tgz",
			"integrity": "sha512-kiX69+wcPAdgl3Lonh1VI7MBr16nktEvOfViszBSxygRQqSpzv7BffMKRPMFwzeJGPxcio0pdD3kYQGpqQ2SSg==",
			"cpu": [
				"ia32"
			],
			"dev": true,
			"optional": true,
			"os": [
				"linux"
			],
			"engines": {
				"node": ">=12"
			}
		},
		"node_modules/@esbuild/linux-loong64": {
			"version": "0.16.17",
			"resolved": "https://registry.npmjs.org/@esbuild/linux-loong64/-/linux-loong64-0.16.17.tgz",
			"integrity": "sha512-dTzNnQwembNDhd654cA4QhbS9uDdXC3TKqMJjgOWsC0yNCbpzfWoXdZvp0mY7HU6nzk5E0zpRGGx3qoQg8T2DQ==",
			"cpu": [
				"loong64"
			],
			"dev": true,
			"optional": true,
			"os": [
				"linux"
			],
			"engines": {
				"node": ">=12"
			}
		},
		"node_modules/@esbuild/linux-mips64el": {
			"version": "0.16.17",
			"resolved": "https://registry.npmjs.org/@esbuild/linux-mips64el/-/linux-mips64el-0.16.17.tgz",
			"integrity": "sha512-ezbDkp2nDl0PfIUn0CsQ30kxfcLTlcx4Foz2kYv8qdC6ia2oX5Q3E/8m6lq84Dj/6b0FrkgD582fJMIfHhJfSw==",
			"cpu": [
				"mips64el"
			],
			"dev": true,
			"optional": true,
			"os": [
				"linux"
			],
			"engines": {
				"node": ">=12"
			}
		},
		"node_modules/@esbuild/linux-ppc64": {
			"version": "0.16.17",
			"resolved": "https://registry.npmjs.org/@esbuild/linux-ppc64/-/linux-ppc64-0.16.17.tgz",
			"integrity": "sha512-dzS678gYD1lJsW73zrFhDApLVdM3cUF2MvAa1D8K8KtcSKdLBPP4zZSLy6LFZ0jYqQdQ29bjAHJDgz0rVbLB3g==",
			"cpu": [
				"ppc64"
			],
			"dev": true,
			"optional": true,
			"os": [
				"linux"
			],
			"engines": {
				"node": ">=12"
			}
		},
		"node_modules/@esbuild/linux-riscv64": {
			"version": "0.16.17",
			"resolved": "https://registry.npmjs.org/@esbuild/linux-riscv64/-/linux-riscv64-0.16.17.tgz",
			"integrity": "sha512-ylNlVsxuFjZK8DQtNUwiMskh6nT0vI7kYl/4fZgV1llP5d6+HIeL/vmmm3jpuoo8+NuXjQVZxmKuhDApK0/cKw==",
			"cpu": [
				"riscv64"
			],
			"dev": true,
			"optional": true,
			"os": [
				"linux"
			],
			"engines": {
				"node": ">=12"
			}
		},
		"node_modules/@esbuild/linux-s390x": {
			"version": "0.16.17",
			"resolved": "https://registry.npmjs.org/@esbuild/linux-s390x/-/linux-s390x-0.16.17.tgz",
			"integrity": "sha512-gzy7nUTO4UA4oZ2wAMXPNBGTzZFP7mss3aKR2hH+/4UUkCOyqmjXiKpzGrY2TlEUhbbejzXVKKGazYcQTZWA/w==",
			"cpu": [
				"s390x"
			],
			"dev": true,
			"optional": true,
			"os": [
				"linux"
			],
			"engines": {
				"node": ">=12"
			}
		},
		"node_modules/@esbuild/linux-x64": {
			"version": "0.16.17",
			"resolved": "https://registry.npmjs.org/@esbuild/linux-x64/-/linux-x64-0.16.17.tgz",
			"integrity": "sha512-mdPjPxfnmoqhgpiEArqi4egmBAMYvaObgn4poorpUaqmvzzbvqbowRllQ+ZgzGVMGKaPkqUmPDOOFQRUFDmeUw==",
			"cpu": [
				"x64"
			],
			"dev": true,
			"optional": true,
			"os": [
				"linux"
			],
			"engines": {
				"node": ">=12"
			}
		},
		"node_modules/@esbuild/netbsd-x64": {
			"version": "0.16.17",
			"resolved": "https://registry.npmjs.org/@esbuild/netbsd-x64/-/netbsd-x64-0.16.17.tgz",
			"integrity": "sha512-/PzmzD/zyAeTUsduZa32bn0ORug+Jd1EGGAUJvqfeixoEISYpGnAezN6lnJoskauoai0Jrs+XSyvDhppCPoKOA==",
			"cpu": [
				"x64"
			],
			"dev": true,
			"optional": true,
			"os": [
				"netbsd"
			],
			"engines": {
				"node": ">=12"
			}
		},
		"node_modules/@esbuild/openbsd-x64": {
			"version": "0.16.17",
			"resolved": "https://registry.npmjs.org/@esbuild/openbsd-x64/-/openbsd-x64-0.16.17.tgz",
			"integrity": "sha512-2yaWJhvxGEz2RiftSk0UObqJa/b+rIAjnODJgv2GbGGpRwAfpgzyrg1WLK8rqA24mfZa9GvpjLcBBg8JHkoodg==",
			"cpu": [
				"x64"
			],
			"dev": true,
			"optional": true,
			"os": [
				"openbsd"
			],
			"engines": {
				"node": ">=12"
			}
		},
		"node_modules/@esbuild/sunos-x64": {
			"version": "0.16.17",
			"resolved": "https://registry.npmjs.org/@esbuild/sunos-x64/-/sunos-x64-0.16.17.tgz",
			"integrity": "sha512-xtVUiev38tN0R3g8VhRfN7Zl42YCJvyBhRKw1RJjwE1d2emWTVToPLNEQj/5Qxc6lVFATDiy6LjVHYhIPrLxzw==",
			"cpu": [
				"x64"
			],
			"dev": true,
			"optional": true,
			"os": [
				"sunos"
			],
			"engines": {
				"node": ">=12"
			}
		},
		"node_modules/@esbuild/win32-arm64": {
			"version": "0.16.17",
			"resolved": "https://registry.npmjs.org/@esbuild/win32-arm64/-/win32-arm64-0.16.17.tgz",
			"integrity": "sha512-ga8+JqBDHY4b6fQAmOgtJJue36scANy4l/rL97W+0wYmijhxKetzZdKOJI7olaBaMhWt8Pac2McJdZLxXWUEQw==",
			"cpu": [
				"arm64"
			],
			"dev": true,
			"optional": true,
			"os": [
				"win32"
			],
			"engines": {
				"node": ">=12"
			}
		},
		"node_modules/@esbuild/win32-ia32": {
			"version": "0.16.17",
			"resolved": "https://registry.npmjs.org/@esbuild/win32-ia32/-/win32-ia32-0.16.17.tgz",
			"integrity": "sha512-WnsKaf46uSSF/sZhwnqE4L/F89AYNMiD4YtEcYekBt9Q7nj0DiId2XH2Ng2PHM54qi5oPrQ8luuzGszqi/veig==",
			"cpu": [
				"ia32"
			],
			"dev": true,
			"optional": true,
			"os": [
				"win32"
			],
			"engines": {
				"node": ">=12"
			}
		},
		"node_modules/@esbuild/win32-x64": {
			"version": "0.16.17",
			"resolved": "https://registry.npmjs.org/@esbuild/win32-x64/-/win32-x64-0.16.17.tgz",
			"integrity": "sha512-y+EHuSchhL7FjHgvQL/0fnnFmO4T1bhvWANX6gcnqTjtnKWbTvUMCpGnv2+t+31d7RzyEAYAd4u2fnIhHL6N/Q==",
			"cpu": [
				"x64"
			],
			"dev": true,
			"optional": true,
			"os": [
				"win32"
			],
			"engines": {
				"node": ">=12"
			}
		},
		"node_modules/@pixi/accessibility": {
			"version": "7.4.0",
			"resolved": "https://registry.npmjs.org/@pixi/accessibility/-/accessibility-7.4.0.tgz",
			"integrity": "sha512-muosfpn333YNz2s7mtoVlKvcXswFOJ4r+5rePn3r/95KQIpuB+xX6pETuzGq0p8uOpKxtkNokGj5s2dyM0blHA==",
			"peerDependencies": {
				"@pixi/core": "7.4.0",
				"@pixi/display": "7.4.0",
				"@pixi/events": "7.4.0"
			}
		},
		"node_modules/@pixi/app": {
			"version": "7.4.0",
			"resolved": "https://registry.npmjs.org/@pixi/app/-/app-7.4.0.tgz",
			"integrity": "sha512-9pDB974rfuObG5YHvR7kdWhDiIV26b0GeC4vHRQB3bkmltguMi8SCQ9WQKH3WwRLaflzf9EMZpgX10cU1gLgKg==",
			"peerDependencies": {
				"@pixi/core": "7.4.0",
				"@pixi/display": "7.4.0"
			}
		},
		"node_modules/@pixi/assets": {
			"version": "7.4.0",
			"resolved": "https://registry.npmjs.org/@pixi/assets/-/assets-7.4.0.tgz",
			"integrity": "sha512-Z7J2ZYSZ41Pr3CK0IXgtVV1HiLm1sG0AOZHAPMwB82wNdIDvmWowo/LkXvQmSHFLxFlEz1hWOdOFs1daWAeIfg==",
			"dependencies": {
				"@types/css-font-loading-module": "^0.0.12"
			},
			"peerDependencies": {
				"@pixi/core": "7.4.0"
			}
		},
		"node_modules/@pixi/color": {
			"version": "7.4.0",
			"resolved": "https://registry.npmjs.org/@pixi/color/-/color-7.4.0.tgz",
			"integrity": "sha512-Qgn3OSW9SFCQ8wrm524anENwIAeRTORC014LkTqaBQrpuOUHrx11SCy4kNFaQyZWO1DCTe4m8g/foCK7zJM7cg==",
			"dependencies": {
				"@pixi/colord": "^2.9.6"
			}
		},
		"node_modules/@pixi/colord": {
			"version": "2.9.6",
			"resolved": "https://registry.npmjs.org/@pixi/colord/-/colord-2.9.6.tgz",
			"integrity": "sha512-nezytU2pw587fQstUu1AsJZDVEynjskwOL+kibwcdxsMBFqPsFFNA7xl0ii/gXuDi6M0xj3mfRJj8pBSc2jCfA=="
		},
		"node_modules/@pixi/compressed-textures": {
			"version": "7.4.0",
			"resolved": "https://registry.npmjs.org/@pixi/compressed-textures/-/compressed-textures-7.4.0.tgz",
			"integrity": "sha512-M9bpOFeUPuss57mbRtJOD8cGh+X8xsfx8YMBqWzQTAfbA8hsTQ+O4arbMTyIxqZnaTvpmhlhTKwaVaI2V15NAg==",
			"peerDependencies": {
				"@pixi/assets": "7.4.0",
				"@pixi/core": "7.4.0"
			}
		},
		"node_modules/@pixi/constants": {
			"version": "7.4.0",
			"resolved": "https://registry.npmjs.org/@pixi/constants/-/constants-7.4.0.tgz",
			"integrity": "sha512-jQMPMRqkOTjI4D0cHWqvu+pofw6bIa8861x2vp2kNsmM2zcBO/b01AlmILi5pEDk0nTumgzgmVHZ7dtT9KxfQw=="
		},
		"node_modules/@pixi/core": {
			"version": "7.4.0",
			"resolved": "https://registry.npmjs.org/@pixi/core/-/core-7.4.0.tgz",
			"integrity": "sha512-X6UiDzmdd2oRK3zQggDrWNIlw5rjZakByRIwI6MRgj17FGkpNkCY78dO1snZ6qnpUoo5M03aSUCFCfq6LKA5Bg==",
			"dependencies": {
				"@pixi/color": "7.4.0",
				"@pixi/constants": "7.4.0",
				"@pixi/extensions": "7.4.0",
				"@pixi/math": "7.4.0",
				"@pixi/runner": "7.4.0",
				"@pixi/settings": "7.4.0",
				"@pixi/ticker": "7.4.0",
				"@pixi/utils": "7.4.0"
			},
			"funding": {
				"type": "opencollective",
				"url": "https://opencollective.com/pixijs"
			}
		},
		"node_modules/@pixi/display": {
			"version": "7.4.0",
			"resolved": "https://registry.npmjs.org/@pixi/display/-/display-7.4.0.tgz",
			"integrity": "sha512-l+K6H9CqB2tQltpaxal3dIPPAOWhBWszrJm5EbK5sVVQFcaWXgeS/Hmniz0DhT7OpPmstcx4nii9hZgRkmMmEg==",
			"peerDependencies": {
				"@pixi/core": "7.4.0"
			}
		},
		"node_modules/@pixi/events": {
			"version": "7.4.0",
			"resolved": "https://registry.npmjs.org/@pixi/events/-/events-7.4.0.tgz",
			"integrity": "sha512-9hshDahiFDbl3ZJt9cqutST+2aIZ8/bT29VVFuN2f0ZHatbEHVl46jqu0IL8d+TAlNUr+SI/JEaPA6/MR9sH6w==",
			"peerDependencies": {
				"@pixi/core": "7.4.0",
				"@pixi/display": "7.4.0"
			}
		},
		"node_modules/@pixi/extensions": {
			"version": "7.4.0",
			"resolved": "https://registry.npmjs.org/@pixi/extensions/-/extensions-7.4.0.tgz",
			"integrity": "sha512-bX0aw6z2D9bJ5NOsrbuWXnBR7sy2z+dyq2EQ2/t0dF6Si764r8FiA0QUGFn9NJO1FTnB9LLjz7q4c0XaWF3mcg=="
		},
		"node_modules/@pixi/extract": {
			"version": "7.4.0",
			"resolved": "https://registry.npmjs.org/@pixi/extract/-/extract-7.4.0.tgz",
			"integrity": "sha512-PLOdi8LxnRBRTKLx5plA9hWsIObiQ44tKMcyaLIESXNoUGE3135Aih10Hg1whrQcG4n9EqRjNak7LtwKRylRbg==",
			"peerDependencies": {
				"@pixi/core": "7.4.0"
			}
		},
		"node_modules/@pixi/filter-alpha": {
			"version": "7.4.0",
			"resolved": "https://registry.npmjs.org/@pixi/filter-alpha/-/filter-alpha-7.4.0.tgz",
			"integrity": "sha512-1KjdTcU4drduzF1HDu1clxZgM7b6lfE1CKESlY5CizJSMMGcycOUQRq/TWK54xrsJTyPWwNu5ojma6dcIqLOrw==",
			"peerDependencies": {
				"@pixi/core": "7.4.0"
			}
		},
		"node_modules/@pixi/filter-blur": {
			"version": "7.4.0",
			"resolved": "https://registry.npmjs.org/@pixi/filter-blur/-/filter-blur-7.4.0.tgz",
			"integrity": "sha512-XUrhswyuc4+flpDL0fQcRuei8ctgYCdTxCuetSqpS+qdf4gOJyq5UyCwDycJiudZD6+R23svUX5OQOPwkWTsNA==",
			"peerDependencies": {
				"@pixi/core": "7.4.0"
			}
		},
		"node_modules/@pixi/filter-color-matrix": {
			"version": "7.4.0",
			"resolved": "https://registry.npmjs.org/@pixi/filter-color-matrix/-/filter-color-matrix-7.4.0.tgz",
			"integrity": "sha512-Ap5Fh6iJo5Mk6xMTia5KAWj9G0b4F3LiqrrWkM0y9gGzD5ei85Hd+XHHJtzWi+d4P/EWv7KlND6SnVcTZFgV4A==",
			"peerDependencies": {
				"@pixi/core": "7.4.0"
			}
		},
		"node_modules/@pixi/filter-displacement": {
			"version": "7.4.0",
			"resolved": "https://registry.npmjs.org/@pixi/filter-displacement/-/filter-displacement-7.4.0.tgz",
			"integrity": "sha512-fcFLxFge2V6o7LqIsz/goDTMbwLdHjGggbu9/t4+byNP5f+S2TTR3oT4nulTYhNQph5vyllhSPJgHoqXXRhTwg==",
			"peerDependencies": {
				"@pixi/core": "7.4.0"
			}
		},
		"node_modules/@pixi/filter-fxaa": {
			"version": "7.4.0",
			"resolved": "https://registry.npmjs.org/@pixi/filter-fxaa/-/filter-fxaa-7.4.0.tgz",
			"integrity": "sha512-W4l01ca9hJpjAfswRkw6UaCNh76E9ymigSVIBzhUUFwjfvVvIh7+O9SnEzkTVHsY15ANsznD0XZjgt3pW/wFbg==",
			"peerDependencies": {
				"@pixi/core": "7.4.0"
			}
		},
		"node_modules/@pixi/filter-noise": {
			"version": "7.4.0",
			"resolved": "https://registry.npmjs.org/@pixi/filter-noise/-/filter-noise-7.4.0.tgz",
			"integrity": "sha512-q2+CWODAJO79j0StJ+xakX4D8r8w/RLURRiyG+focTIj1ws/7sdDmDsV+jmeKm6pEktwgA3JYWIKZUnezlGf8g==",
			"peerDependencies": {
				"@pixi/core": "7.4.0"
			}
		},
		"node_modules/@pixi/graphics": {
			"version": "7.4.0",
			"resolved": "https://registry.npmjs.org/@pixi/graphics/-/graphics-7.4.0.tgz",
			"integrity": "sha512-9GcXbP/iTFEA5xwXx6sSwGyIYPd6XVhFJR7ALqqnlYC+FvvvHPoh7cN3HPa1Aw9dWpNRKUKuNcoOYPmd0O0aJA==",
			"peerDependencies": {
				"@pixi/core": "7.4.0",
				"@pixi/display": "7.4.0",
				"@pixi/sprite": "7.4.0"
			}
		},
		"node_modules/@pixi/math": {
			"version": "7.4.0",
			"resolved": "https://registry.npmjs.org/@pixi/math/-/math-7.4.0.tgz",
			"integrity": "sha512-9WCWKX5z/VOYGpsnXXQ73vg/IT+bUXCLO6miXuS5YPXNfw9RpvdV4ZgFmuQwPNM7wfFk5T7Uvfr8ZJRBCfKhZw=="
		},
		"node_modules/@pixi/mesh": {
			"version": "7.4.0",
			"resolved": "https://registry.npmjs.org/@pixi/mesh/-/mesh-7.4.0.tgz",
			"integrity": "sha512-Ql5B3q8UD898LTKTPAkveOU72tN9xD8CsLPuvmPSrjpE5FlyRhrS90JzD26/sz6H3B7Kfu2gRjilmujCzNvuWA==",
			"peerDependencies": {
				"@pixi/core": "7.4.0",
				"@pixi/display": "7.4.0"
			}
		},
		"node_modules/@pixi/mesh-extras": {
			"version": "7.4.0",
			"resolved": "https://registry.npmjs.org/@pixi/mesh-extras/-/mesh-extras-7.4.0.tgz",
			"integrity": "sha512-YMI72eDruRd3iUIxfFNW+siuwvvrBv4/A9GDeBySKdfqbMOnzi0GLjxvF88bcP7eujdJQDwzTnAV4hW0UNIkjw==",
			"peerDependencies": {
				"@pixi/core": "7.4.0",
				"@pixi/mesh": "7.4.0"
			}
		},
		"node_modules/@pixi/mixin-cache-as-bitmap": {
			"version": "7.4.0",
			"resolved": "https://registry.npmjs.org/@pixi/mixin-cache-as-bitmap/-/mixin-cache-as-bitmap-7.4.0.tgz",
			"integrity": "sha512-wFkwU19dCyY5m0JxiKf6UJwvR8XaGDWA/0VXZelBF+WwIj54uKjN4lNSnSApHHByFfq9BRka7B5C1fU9eZNOzg==",
			"peerDependencies": {
				"@pixi/core": "7.4.0",
				"@pixi/display": "7.4.0",
				"@pixi/sprite": "7.4.0"
			}
		},
		"node_modules/@pixi/mixin-get-child-by-name": {
			"version": "7.4.0",
			"resolved": "https://registry.npmjs.org/@pixi/mixin-get-child-by-name/-/mixin-get-child-by-name-7.4.0.tgz",
			"integrity": "sha512-GAWXSNnYtZyppxGVpt0lN2Iq6Z1MYuGeE/X5rYd5yO+Ra9VbUaslTRxf2y8H1TTWOPCIs8mcSTNdJTgElSfqbQ==",
			"peerDependencies": {
				"@pixi/display": "7.4.0"
			}
		},
		"node_modules/@pixi/mixin-get-global-position": {
			"version": "7.4.0",
			"resolved": "https://registry.npmjs.org/@pixi/mixin-get-global-position/-/mixin-get-global-position-7.4.0.tgz",
			"integrity": "sha512-u2EKXi7sv1zG2exk/bpjozBTOElBAsHnA0sHe0kz6sELpNBjv4g2n0Hwfl+qd69S+60zfN44ER+ihbFUWgD5VA==",
			"peerDependencies": {
				"@pixi/core": "7.4.0",
				"@pixi/display": "7.4.0"
			}
		},
		"node_modules/@pixi/particle-container": {
			"version": "7.4.0",
			"resolved": "https://registry.npmjs.org/@pixi/particle-container/-/particle-container-7.4.0.tgz",
			"integrity": "sha512-y3cB2EvgzfOm/pw4qBFsKOVoRzhzLy/FFj92DbD3bL5a6Z+YtKblkeWw3P5exzZJBTRn9sEk1vhzBb1HM/WEJw==",
			"peerDependencies": {
				"@pixi/core": "7.4.0",
				"@pixi/display": "7.4.0",
				"@pixi/sprite": "7.4.0"
			}
		},
		"node_modules/@pixi/prepare": {
			"version": "7.4.0",
			"resolved": "https://registry.npmjs.org/@pixi/prepare/-/prepare-7.4.0.tgz",
			"integrity": "sha512-qMRf0SPVYW6k0ZG19SdddwH/FErywEzkJtS7pCVrFy31RP4dF+ZunEffKNPm3Kf5b94JXd6+lIAxDy4tDVqXNQ==",
			"peerDependencies": {
				"@pixi/core": "7.4.0",
				"@pixi/display": "7.4.0",
				"@pixi/graphics": "7.4.0",
				"@pixi/text": "7.4.0"
			}
		},
		"node_modules/@pixi/runner": {
			"version": "7.4.0",
			"resolved": "https://registry.npmjs.org/@pixi/runner/-/runner-7.4.0.tgz",
			"integrity": "sha512-TIfocv2TD4xHOiGSpeu2y3GMN09cKEpxiS/rswdCU/aacfgSyvjEmskL/dbq/PSA4FCmjVHLyjgNPvd79WPZhQ=="
		},
		"node_modules/@pixi/settings": {
			"version": "7.4.0",
			"resolved": "https://registry.npmjs.org/@pixi/settings/-/settings-7.4.0.tgz",
			"integrity": "sha512-ODWmSVfLnn384xFsXp+NNV6mQ+AwoeI4FtN+tMcJ+w/qQTi+eq6VLIpgqNx2Z/TJESI4HY4jxL6qz4SJEs7SMA==",
			"dependencies": {
				"@pixi/constants": "7.4.0",
				"@types/css-font-loading-module": "^0.0.12",
				"ismobilejs": "^1.1.0"
			}
		},
		"node_modules/@pixi/sprite": {
			"version": "7.4.0",
			"resolved": "https://registry.npmjs.org/@pixi/sprite/-/sprite-7.4.0.tgz",
			"integrity": "sha512-+yQdq3aKS59s9uxiW066geWLCKYTRjtbdgE2qtyUP4pK/bYanWVWash7K8P3qVX8NQsQKjGvNPoa2fkP6MBE1Q==",
			"peerDependencies": {
				"@pixi/core": "7.4.0",
				"@pixi/display": "7.4.0"
			}
		},
		"node_modules/@pixi/sprite-animated": {
			"version": "7.4.0",
			"resolved": "https://registry.npmjs.org/@pixi/sprite-animated/-/sprite-animated-7.4.0.tgz",
			"integrity": "sha512-SVIO78hHqVvBg5kh13TES0oqmjBhjeQmCgXVzT1nC62Vxh/6AAd9JOKid706lXoqRgw7H7OhdunEWL6J2zN4KA==",
			"peerDependencies": {
				"@pixi/core": "7.4.0",
				"@pixi/sprite": "7.4.0"
			}
		},
		"node_modules/@pixi/sprite-tiling": {
			"version": "7.4.0",
			"resolved": "https://registry.npmjs.org/@pixi/sprite-tiling/-/sprite-tiling-7.4.0.tgz",
			"integrity": "sha512-q0wjrdhvqnfSRNYIJ0KHUIT0nARvlmBoKBtjEZLAnk1jQCFzrJIg4qfmsBNDSOzMVaAxAot0EbOLjld6EZmf8w==",
			"peerDependencies": {
				"@pixi/core": "7.4.0",
				"@pixi/display": "7.4.0",
				"@pixi/sprite": "7.4.0"
			}
		},
		"node_modules/@pixi/spritesheet": {
			"version": "7.4.0",
			"resolved": "https://registry.npmjs.org/@pixi/spritesheet/-/spritesheet-7.4.0.tgz",
			"integrity": "sha512-wztt4ne71AWDY4WMyuoMUrZlYVeKkubRTqT9HcPYxDEClxZAz1ggsr03PB4RGHbNQkVC1ImrAi9fa0D0PkyPYg==",
			"peerDependencies": {
				"@pixi/assets": "7.4.0",
				"@pixi/core": "7.4.0"
			}
		},
		"node_modules/@pixi/text": {
			"version": "7.4.0",
			"resolved": "https://registry.npmjs.org/@pixi/text/-/text-7.4.0.tgz",
			"integrity": "sha512-yVVeWYH6N+E38R+D7tvOVwDhbFxrInZ7fkOllfePu3KaKsUXbjklgtKUyPREs1LGJC8ffrpCPo1k9BVmwFA4Eg==",
			"peerDependencies": {
				"@pixi/core": "7.4.0",
				"@pixi/sprite": "7.4.0"
			}
		},
		"node_modules/@pixi/text-bitmap": {
			"version": "7.4.0",
			"resolved": "https://registry.npmjs.org/@pixi/text-bitmap/-/text-bitmap-7.4.0.tgz",
			"integrity": "sha512-OkYixlqMW9b1EHtEbSP9mgZEqI0WLN1KP4h2EyJk0LC9lH2Ybp3v7ZGHKAetGkSCt8PXY5AfXbcWtm+TgTWbJw==",
			"peerDependencies": {
				"@pixi/assets": "7.4.0",
				"@pixi/core": "7.4.0",
				"@pixi/display": "7.4.0",
				"@pixi/mesh": "7.4.0",
				"@pixi/text": "7.4.0"
			}
		},
		"node_modules/@pixi/text-html": {
			"version": "7.4.0",
			"resolved": "https://registry.npmjs.org/@pixi/text-html/-/text-html-7.4.0.tgz",
			"integrity": "sha512-HOSKLynkL4cXQdv7zMst7+vISKp4ueCdJpV2zwQJnwVa/dHKlMULQ4+F5yxbtgAF8fYcH3iNfFLaraFlx1hL5A==",
			"peerDependencies": {
				"@pixi/core": "7.4.0",
				"@pixi/display": "7.4.0",
				"@pixi/sprite": "7.4.0",
				"@pixi/text": "7.4.0"
			}
		},
		"node_modules/@pixi/ticker": {
			"version": "7.4.0",
			"resolved": "https://registry.npmjs.org/@pixi/ticker/-/ticker-7.4.0.tgz",
			"integrity": "sha512-GaDmk27tEpPfUVgVTNQWGuOYGu6ehqmVSGxecCv4No5KHP52+LihTC4YHO06zRxfyrIOgafooDL/vQiEMqas8g==",
			"dependencies": {
				"@pixi/extensions": "7.4.0",
				"@pixi/settings": "7.4.0",
				"@pixi/utils": "7.4.0"
			}
		},
		"node_modules/@pixi/utils": {
			"version": "7.4.0",
			"resolved": "https://registry.npmjs.org/@pixi/utils/-/utils-7.4.0.tgz",
			"integrity": "sha512-VBnxNGGg/uj7k1wmvyNZei2qpbFNN/kdQ2/mwNXJtFcFymVfijNZWRUNobpSRE/yHx40WGYzSm3ZJZrF4WxFzA==",
			"dependencies": {
				"@pixi/color": "7.4.0",
				"@pixi/constants": "7.4.0",
				"@pixi/settings": "7.4.0",
				"@types/earcut": "^2.1.0",
				"earcut": "^2.2.4",
				"eventemitter3": "^4.0.0",
				"url": "^0.11.0"
			}
		},
		"node_modules/@types/css-font-loading-module": {
			"version": "0.0.12",
			"resolved": "https://registry.npmjs.org/@types/css-font-loading-module/-/css-font-loading-module-0.0.12.tgz",
			"integrity": "sha512-x2tZZYkSxXqWvTDgveSynfjq/T2HyiZHXb00j/+gy19yp70PHCizM48XFdjBCWH7eHBD0R5i/pw9yMBP/BH5uA=="
		},
		"node_modules/@types/earcut": {
			"version": "2.1.4",
			"resolved": "https://registry.npmjs.org/@types/earcut/-/earcut-2.1.4.tgz",
			"integrity": "sha512-qp3m9PPz4gULB9MhjGID7wpo3gJ4bTGXm7ltNDsmOvsPduTeHp8wSW9YckBj3mljeOh4F0m2z/0JKAALRKbmLQ=="
		},
		"node_modules/call-bind": {
			"version": "1.0.6",
			"resolved": "https://registry.npmjs.org/call-bind/-/call-bind-1.0.6.tgz",
			"integrity": "sha512-Mj50FLHtlsoVfRfnHaZvyrooHcrlceNZdL/QBvJJVd9Ta55qCQK0gs4ss2oZDeV9zFCs6ewzYgVE5yfVmfFpVg==",
			"dependencies": {
				"es-errors": "^1.3.0",
				"function-bind": "^1.1.2",
				"get-intrinsic": "^1.2.3",
				"set-function-length": "^1.2.0"
			},
			"engines": {
				"node": ">= 0.4"
			},
			"funding": {
				"url": "https://github.com/sponsors/ljharb"
			}
		},
		"node_modules/define-data-property": {
			"version": "1.1.2",
			"resolved": "https://registry.npmjs.org/define-data-property/-/define-data-property-1.1.2.tgz",
			"integrity": "sha512-SRtsSqsDbgpJBbW3pABMCOt6rQyeM8s8RiyeSN8jYG8sYmt/kGJejbydttUsnDs1tadr19tvhT4ShwMyoqAm4g==",
			"dependencies": {
				"es-errors": "^1.3.0",
				"get-intrinsic": "^1.2.2",
				"gopd": "^1.0.1",
				"has-property-descriptors": "^1.0.1"
			},
			"engines": {
				"node": ">= 0.4"
			}
		},
		"node_modules/earcut": {
			"version": "2.2.4",
			"resolved": "https://registry.npmjs.org/earcut/-/earcut-2.2.4.tgz",
			"integrity": "sha512-/pjZsA1b4RPHbeWZQn66SWS8nZZWLQQ23oE3Eam7aroEFGEvwKAsJfZ9ytiEMycfzXWpca4FA9QIOehf7PocBQ=="
		},
		"node_modules/es-errors": {
			"version": "1.3.0",
			"resolved": "https://registry.npmjs.org/es-errors/-/es-errors-1.3.0.tgz",
			"integrity": "sha512-Zf5H2Kxt2xjTvbJvP2ZWLEICxA6j+hAmMzIlypy4xcBg1vKVnx89Wy0GbS+kf5cwCVFFzdCFh2XSCFNULS6csw==",
			"engines": {
				"node": ">= 0.4"
			}
		},
		"node_modules/esbuild": {
			"version": "0.16.17",
			"resolved": "https://registry.npmjs.org/esbuild/-/esbuild-0.16.17.tgz",
			"integrity": "sha512-G8LEkV0XzDMNwXKgM0Jwu3nY3lSTwSGY6XbxM9cr9+s0T/qSV1q1JVPBGzm3dcjhCic9+emZDmMffkwgPeOeLg==",
			"dev": true,
			"hasInstallScript": true,
			"bin": {
				"esbuild": "bin/esbuild"
			},
			"engines": {
				"node": ">=12"
			},
			"optionalDependencies": {
				"@esbuild/android-arm": "0.16.17",
				"@esbuild/android-arm64": "0.16.17",
				"@esbuild/android-x64": "0.16.17",
				"@esbuild/darwin-arm64": "0.16.17",
				"@esbuild/darwin-x64": "0.16.17",
				"@esbuild/freebsd-arm64": "0.16.17",
				"@esbuild/freebsd-x64": "0.16.17",
				"@esbuild/linux-arm": "0.16.17",
				"@esbuild/linux-arm64": "0.16.17",
				"@esbuild/linux-ia32": "0.16.17",
				"@esbuild/linux-loong64": "0.16.17",
				"@esbuild/linux-mips64el": "0.16.17",
				"@esbuild/linux-ppc64": "0.16.17",
				"@esbuild/linux-riscv64": "0.16.17",
				"@esbuild/linux-s390x": "0.16.17",
				"@esbuild/linux-x64": "0.16.17",
				"@esbuild/netbsd-x64": "0.16.17",
				"@esbuild/openbsd-x64": "0.16.17",
				"@esbuild/sunos-x64": "0.16.17",
				"@esbuild/win32-arm64": "0.16.17",
				"@esbuild/win32-ia32": "0.16.17",
				"@esbuild/win32-x64": "0.16.17"
			}
		},
		"node_modules/eventemitter3": {
			"version": "4.0.7",
			"resolved": "https://registry.npmjs.org/eventemitter3/-/eventemitter3-4.0.7.tgz",
			"integrity": "sha512-8guHBZCwKnFhYdHr2ysuRWErTwhoN2X8XELRlrRwpmfeY2jjuUN4taQMsULKUVo1K4DvZl+0pgfyoysHxvmvEw=="
		},
		"node_modules/fsevents": {
			"version": "2.3.2",
			"resolved": "https://registry.npmjs.org/fsevents/-/fsevents-2.3.2.tgz",
			"integrity": "sha512-xiqMQR4xAeHTuB9uWm+fFRcIOgKBMiOBP+eXiyT7jsgVCq1bkVygt00oASowB7EdtpOHaaPgKt812P9ab+DDKA==",
			"dev": true,
			"hasInstallScript": true,
			"optional": true,
			"os": [
				"darwin"
			],
			"engines": {
				"node": "^8.16.0 || ^10.6.0 || >=11.0.0"
			}
		},
		"node_modules/function-bind": {
			"version": "1.1.2",
			"resolved": "https://registry.npmjs.org/function-bind/-/function-bind-1.1.2.tgz",
			"integrity": "sha512-7XHNxH7qX9xG5mIwxkhumTox/MIRNcOgDrxWsMt2pAr23WHp6MrRlN7FBSFpCpr+oVO0F744iUgR82nJMfG2SA==",
			"funding": {
				"url": "https://github.com/sponsors/ljharb"
			}
		},
		"node_modules/get-intrinsic": {
			"version": "1.2.4",
			"resolved": "https://registry.npmjs.org/get-intrinsic/-/get-intrinsic-1.2.4.tgz",
			"integrity": "sha512-5uYhsJH8VJBTv7oslg4BznJYhDoRI6waYCxMmCdnTrcCrHA/fCFKoTFz2JKKE0HdDFUF7/oQuhzumXJK7paBRQ==",
			"dependencies": {
				"es-errors": "^1.3.0",
				"function-bind": "^1.1.2",
				"has-proto": "^1.0.1",
				"has-symbols": "^1.0.3",
				"hasown": "^2.0.0"
			},
			"engines": {
				"node": ">= 0.4"
			},
			"funding": {
				"url": "https://github.com/sponsors/ljharb"
			}
		},
		"node_modules/gopd": {
			"version": "1.0.1",
			"resolved": "https://registry.npmjs.org/gopd/-/gopd-1.0.1.tgz",
			"integrity": "sha512-d65bNlIadxvpb/A2abVdlqKqV563juRnZ1Wtk6s1sIR8uNsXR70xqIzVqxVf1eTqDunwT2MkczEeaezCKTZhwA==",
			"dependencies": {
				"get-intrinsic": "^1.1.3"
			},
			"funding": {
				"url": "https://github.com/sponsors/ljharb"
			}
		},
		"node_modules/has": {
			"version": "1.0.3",
			"resolved": "https://registry.npmjs.org/has/-/has-1.0.3.tgz",
			"integrity": "sha512-f2dvO0VU6Oej7RkWJGrehjbzMAjFp5/VKPp5tTpWIV4JHHZK1/BxbFRtf/siA2SWTe09caDmVtYYzWEIbBS4zw==",
			"dev": true,
			"dependencies": {
				"function-bind": "^1.1.1"
			},
			"engines": {
				"node": ">= 0.4.0"
			}
		},
		"node_modules/has-property-descriptors": {
			"version": "1.0.1",
			"resolved": "https://registry.npmjs.org/has-property-descriptors/-/has-property-descriptors-1.0.1.tgz",
			"integrity": "sha512-VsX8eaIewvas0xnvinAe9bw4WfIeODpGYikiWYLH+dma0Jw6KHYqWiWfhQlgOVK8D6PvjubK5Uc4P0iIhIcNVg==",
			"dependencies": {
				"get-intrinsic": "^1.2.2"
			},
			"funding": {
				"url": "https://github.com/sponsors/ljharb"
			}
		},
		"node_modules/has-proto": {
			"version": "1.0.1",
			"resolved": "https://registry.npmjs.org/has-proto/-/has-proto-1.0.1.tgz",
			"integrity": "sha512-7qE+iP+O+bgF9clE5+UoBFzE65mlBiVj3tKCrlNQ0Ogwm0BjpT/gK4SlLYDMybDh5I3TCTKnPPa0oMG7JDYrhg==",
			"engines": {
				"node": ">= 0.4"
			},
			"funding": {
				"url": "https://github.com/sponsors/ljharb"
			}
		},
		"node_modules/has-symbols": {
			"version": "1.0.3",
			"resolved": "https://registry.npmjs.org/has-symbols/-/has-symbols-1.0.3.tgz",
			"integrity": "sha512-l3LCuF6MgDNwTDKkdYGEihYjt5pRPbEg46rtlmnSPlUbgmB8LOIrKJbYYFBSbnPaJexMKtiPO8hmeRjRz2Td+A==",
			"engines": {
				"node": ">= 0.4"
			},
			"funding": {
				"url": "https://github.com/sponsors/ljharb"
			}
		},
		"node_modules/hasown": {
			"version": "2.0.0",
			"resolved": "https://registry.npmjs.org/hasown/-/hasown-2.0.0.tgz",
			"integrity": "sha512-vUptKVTpIJhcczKBbgnS+RtcuYMB8+oNzPK2/Hp3hanz8JmpATdmmgLgSaadVREkDm+e2giHwY3ZRkyjSIDDFA==",
			"dependencies": {
				"function-bind": "^1.1.2"
			},
			"engines": {
				"node": ">= 0.4"
			}
		},
		"node_modules/is-core-module": {
			"version": "2.11.0",
			"resolved": "https://registry.npmjs.org/is-core-module/-/is-core-module-2.11.0.tgz",
			"integrity": "sha512-RRjxlvLDkD1YJwDbroBHMb+cukurkDWNyHx7D3oNB5x9rb5ogcksMC5wHCadcXoo67gVr/+3GFySh3134zi6rw==",
			"dev": true,
			"dependencies": {
				"has": "^1.0.3"
			},
			"funding": {
				"url": "https://github.com/sponsors/ljharb"
			}
		},
		"node_modules/ismobilejs": {
			"version": "1.1.1",
			"resolved": "https://registry.npmjs.org/ismobilejs/-/ismobilejs-1.1.1.tgz",
			"integrity": "sha512-VaFW53yt8QO61k2WJui0dHf4SlL8lxBofUuUmwBo0ljPk0Drz2TiuDW4jo3wDcv41qy/SxrJ+VAzJ/qYqsmzRw=="
		},
		"node_modules/nanoid": {
			"version": "3.3.4",
			"resolved": "https://registry.npmjs.org/nanoid/-/nanoid-3.3.4.tgz",
			"integrity": "sha512-MqBkQh/OHTS2egovRtLk45wEyNXwF+cokD+1YPf9u5VfJiRdAiRwB2froX5Co9Rh20xs4siNPm8naNotSD6RBw==",
			"dev": true,
			"bin": {
				"nanoid": "bin/nanoid.cjs"
			},
			"engines": {
				"node": "^10 || ^12 || ^13.7 || ^14 || >=15.0.1"
			}
		},
		"node_modules/object-inspect": {
			"version": "1.13.1",
			"resolved": "https://registry.npmjs.org/object-inspect/-/object-inspect-1.13.1.tgz",
			"integrity": "sha512-5qoj1RUiKOMsCCNLV1CBiPYE10sziTsnmNxkAI/rZhiD63CF7IqdFGC/XzjWjpSgLf0LxXX3bDFIh0E18f6UhQ==",
			"funding": {
				"url": "https://github.com/sponsors/ljharb"
			}
		},
		"node_modules/path-parse": {
			"version": "1.0.7",
			"resolved": "https://registry.npmjs.org/path-parse/-/path-parse-1.0.7.tgz",
			"integrity": "sha512-LDJzPVEEEPR+y48z93A0Ed0yXb8pAByGWo/k5YYdYgpY2/2EsOsksJrq7lOHxryrVOn1ejG6oAp8ahvOIQD8sw==",
			"dev": true
		},
		"node_modules/picocolors": {
			"version": "1.0.0",
			"resolved": "https://registry.npmjs.org/picocolors/-/picocolors-1.0.0.tgz",
			"integrity": "sha512-1fygroTLlHu66zi26VoTDv8yRgm0Fccecssto+MhsZ0D/DGW2sm8E8AjW7NU5VVTRt5GxbeZ5qBuJr+HyLYkjQ==",
			"dev": true
		},
		"node_modules/pixi.js": {
			"version": "7.4.0",
			"resolved": "https://registry.npmjs.org/pixi.js/-/pixi.js-7.4.0.tgz",
			"integrity": "sha512-c2q3NG06RcSzgcyNieuC/ogzdaBKRoZvBlAiPdL8ubhJyEVCoSA+zitjsCe/m3t5cVrrjPnwo81ps+fg908hBw==",
			"dependencies": {
				"@pixi/accessibility": "7.4.0",
				"@pixi/app": "7.4.0",
				"@pixi/assets": "7.4.0",
				"@pixi/compressed-textures": "7.4.0",
				"@pixi/core": "7.4.0",
				"@pixi/display": "7.4.0",
				"@pixi/events": "7.4.0",
				"@pixi/extensions": "7.4.0",
				"@pixi/extract": "7.4.0",
				"@pixi/filter-alpha": "7.4.0",
				"@pixi/filter-blur": "7.4.0",
				"@pixi/filter-color-matrix": "7.4.0",
				"@pixi/filter-displacement": "7.4.0",
				"@pixi/filter-fxaa": "7.4.0",
				"@pixi/filter-noise": "7.4.0",
				"@pixi/graphics": "7.4.0",
				"@pixi/mesh": "7.4.0",
				"@pixi/mesh-extras": "7.4.0",
				"@pixi/mixin-cache-as-bitmap": "7.4.0",
				"@pixi/mixin-get-child-by-name": "7.4.0",
				"@pixi/mixin-get-global-position": "7.4.0",
				"@pixi/particle-container": "7.4.0",
				"@pixi/prepare": "7.4.0",
				"@pixi/sprite": "7.4.0",
				"@pixi/sprite-animated": "7.4.0",
				"@pixi/sprite-tiling": "7.4.0",
				"@pixi/spritesheet": "7.4.0",
				"@pixi/text": "7.4.0",
				"@pixi/text-bitmap": "7.4.0",
				"@pixi/text-html": "7.4.0"
			},
			"funding": {
				"type": "opencollective",
				"url": "https://opencollective.com/pixijs"
			}
		},
		"node_modules/postcss": {
			"version": "8.4.21",
			"resolved": "https://registry.npmjs.org/postcss/-/postcss-8.4.21.tgz",
			"integrity": "sha512-tP7u/Sn/dVxK2NnruI4H9BG+x+Wxz6oeZ1cJ8P6G/PZY0IKk4k/63TDsQf2kQq3+qoJeLm2kIBUNlZe3zgb4Zg==",
			"dev": true,
			"funding": [
				{
					"type": "opencollective",
					"url": "https://opencollective.com/postcss/"
				},
				{
					"type": "tidelift",
					"url": "https://tidelift.com/funding/github/npm/postcss"
				}
			],
			"dependencies": {
				"nanoid": "^3.3.4",
				"picocolors": "^1.0.0",
				"source-map-js": "^1.0.2"
			},
			"engines": {
				"node": "^10 || ^12 || >=14"
			}
		},
		"node_modules/punycode": {
			"version": "1.4.1",
			"resolved": "https://registry.npmjs.org/punycode/-/punycode-1.4.1.tgz",
			"integrity": "sha512-jmYNElW7yvO7TV33CjSmvSiE2yco3bV2czu/OzDKdMNVZQWfxCblURLhf+47syQRBntjfLdd/H0egrzIG+oaFQ=="
		},
		"node_modules/qs": {
			"version": "6.11.2",
			"resolved": "https://registry.npmjs.org/qs/-/qs-6.11.2.tgz",
			"integrity": "sha512-tDNIz22aBzCDxLtVH++VnTfzxlfeK5CbqohpSqpJgj1Wg/cQbStNAz3NuqCs5vV+pjBsK4x4pN9HlVh7rcYRiA==",
			"dependencies": {
				"side-channel": "^1.0.4"
			},
			"engines": {
				"node": ">=0.6"
			},
			"funding": {
				"url": "https://github.com/sponsors/ljharb"
			}
		},
		"node_modules/resolve": {
			"version": "1.22.1",
			"resolved": "https://registry.npmjs.org/resolve/-/resolve-1.22.1.tgz",
			"integrity": "sha512-nBpuuYuY5jFsli/JIs1oldw6fOQCBioohqWZg/2hiaOybXOft4lonv85uDOKXdf8rhyK159cxU5cDcK/NKk8zw==",
			"dev": true,
			"dependencies": {
				"is-core-module": "^2.9.0",
				"path-parse": "^1.0.7",
				"supports-preserve-symlinks-flag": "^1.0.0"
			},
			"bin": {
				"resolve": "bin/resolve"
			},
			"funding": {
				"url": "https://github.com/sponsors/ljharb"
			}
		},
		"node_modules/rollup": {
			"version": "3.19.1",
			"resolved": "https://registry.npmjs.org/rollup/-/rollup-3.19.1.tgz",
			"integrity": "sha512-lAbrdN7neYCg/8WaoWn/ckzCtz+jr70GFfYdlf50OF7387HTg+wiuiqJRFYawwSPpqfqDNYqK7smY/ks2iAudg==",
			"dev": true,
			"bin": {
				"rollup": "dist/bin/rollup"
			},
			"engines": {
				"node": ">=14.18.0",
				"npm": ">=8.0.0"
			},
			"optionalDependencies": {
				"fsevents": "~2.3.2"
			}
		},
		"node_modules/set-function-length": {
			"version": "1.2.1",
			"resolved": "https://registry.npmjs.org/set-function-length/-/set-function-length-1.2.1.tgz",
			"integrity": "sha512-j4t6ccc+VsKwYHso+kElc5neZpjtq9EnRICFZtWyBsLojhmeF/ZBd/elqm22WJh/BziDe/SBiOeAt0m2mfLD0g==",
			"dependencies": {
				"define-data-property": "^1.1.2",
				"es-errors": "^1.3.0",
				"function-bind": "^1.1.2",
				"get-intrinsic": "^1.2.3",
				"gopd": "^1.0.1",
				"has-property-descriptors": "^1.0.1"
			},
			"engines": {
				"node": ">= 0.4"
			}
		},
		"node_modules/side-channel": {
			"version": "1.0.5",
			"resolved": "https://registry.npmjs.org/side-channel/-/side-channel-1.0.5.tgz",
			"integrity": "sha512-QcgiIWV4WV7qWExbN5llt6frQB/lBven9pqliLXfGPB+K9ZYXxDozp0wLkHS24kWCm+6YXH/f0HhnObZnZOBnQ==",
			"dependencies": {
				"call-bind": "^1.0.6",
				"es-errors": "^1.3.0",
				"get-intrinsic": "^1.2.4",
				"object-inspect": "^1.13.1"
			},
			"engines": {
				"node": ">= 0.4"
			},
			"funding": {
				"url": "https://github.com/sponsors/ljharb"
			}
		},
		"node_modules/source-map-js": {
			"version": "1.0.2",
			"resolved": "https://registry.npmjs.org/source-map-js/-/source-map-js-1.0.2.tgz",
			"integrity": "sha512-R0XvVJ9WusLiqTCEiGCmICCMplcCkIwwR11mOSD9CR5u+IXYdiseeEuXCVAjS54zqwkLcPNnmU4OeJ6tUrWhDw==",
			"dev": true,
			"engines": {
				"node": ">=0.10.0"
			}
		},
		"node_modules/supports-preserve-symlinks-flag": {
			"version": "1.0.0",
			"resolved": "https://registry.npmjs.org/supports-preserve-symlinks-flag/-/supports-preserve-symlinks-flag-1.0.0.tgz",
			"integrity": "sha512-ot0WnXS9fgdkgIcePe6RHNk1WA8+muPa6cSjeR3V8K27q9BB1rTE3R1p7Hv0z1ZyAc8s6Vvv8DIyWf681MAt0w==",
			"dev": true,
			"engines": {
				"node": ">= 0.4"
			},
			"funding": {
				"url": "https://github.com/sponsors/ljharb"
			}
		},
		"node_modules/tweedle.js": {
			"version": "2.0.1",
			"resolved": "https://registry.npmjs.org/tweedle.js/-/tweedle.js-2.0.1.tgz",
			"integrity": "sha512-fplJpDKURJJyepxdpbTUbSsrsTj596s2uFyCckkqnIVvF1JAU6hEyrruZftCeSWBACrII5z1lzLuUERl5TfBhg=="
		},
		"node_modules/typescript": {
			"version": "5.3.3",
			"resolved": "https://registry.npmjs.org/typescript/-/typescript-5.3.3.tgz",
			"integrity": "sha512-pXWcraxM0uxAS+tN0AG/BF2TyqmHO014Z070UsJ+pFvYuRSq8KH8DmWpnbXe0pEPDHXZV3FcAbJkijJ5oNEnWw==",
			"dev": true,
			"bin": {
				"tsc": "bin/tsc",
				"tsserver": "bin/tsserver"
			},
			"engines": {
				"node": ">=14.17"
			}
		},
		"node_modules/url": {
			"version": "0.11.3",
			"resolved": "https://registry.npmjs.org/url/-/url-0.11.3.tgz",
			"integrity": "sha512-6hxOLGfZASQK/cijlZnZJTq8OXAkt/3YGfQX45vvMYXpZoo8NdWZcY73K108Jf759lS1Bv/8wXnHDTSz17dSRw==",
			"dependencies": {
				"punycode": "^1.4.1",
				"qs": "^6.11.2"
			}
		},
		"node_modules/vite": {
			"version": "4.1.4",
			"resolved": "https://registry.npmjs.org/vite/-/vite-4.1.4.tgz",
			"integrity": "sha512-3knk/HsbSTKEin43zHu7jTwYWv81f8kgAL99G5NWBcA1LKvtvcVAC4JjBH1arBunO9kQka+1oGbrMKOjk4ZrBg==",
			"dev": true,
			"dependencies": {
				"esbuild": "^0.16.14",
				"postcss": "^8.4.21",
				"resolve": "^1.22.1",
				"rollup": "^3.10.0"
			},
			"bin": {
				"vite": "bin/vite.js"
			},
			"engines": {
				"node": "^14.18.0 || >=16.0.0"
			},
			"optionalDependencies": {
				"fsevents": "~2.3.2"
			},
			"peerDependencies": {
				"@types/node": ">= 14",
				"less": "*",
				"sass": "*",
				"stylus": "*",
				"sugarss": "*",
				"terser": "^5.4.0"
			},
			"peerDependenciesMeta": {
				"@types/node": {
					"optional": true
				},
				"less": {
					"optional": true
				},
				"sass": {
					"optional": true
				},
				"stylus": {
					"optional": true
				},
				"sugarss": {
					"optional": true
				},
				"terser": {
					"optional": true
				}
			}
		}
	}
}
